{
  "name": "zotzen-lib",
  "version": "1.0.9",
  "lockfileVersion": 1,
  "requires": true,
  "dependencies": {
    "@iarna/toml": {
      "version": "2.2.5",
      "resolved": "https://registry.npmjs.org/@iarna/toml/-/toml-2.2.5.tgz",
      "integrity": "sha512-trnsAYxU3xnS1gPHPyU961coFyLkh4gAD/0zQ5mymY4yOZ+CYvsPqUbOFSw0aDM4y0tV7tiFxL/1XfXPNC6IPg=="
    },
    "argparse": {
      "version": "2.0.1",
      "resolved": "https://registry.npmjs.org/argparse/-/argparse-2.0.1.tgz",
      "integrity": "sha512-8+9WqebbFzpX9OR+Wa6O29asIogeRMzcGtAINdpMHHyAg10f05aSFVBbcEqGf/PXw1EjAZ+q2/bEBg3DvurK3Q=="
    },
    "axios": {
      "version": "0.21.1",
      "resolved": "https://registry.npmjs.org/axios/-/axios-0.21.1.tgz",
      "integrity": "sha512-dKQiRHxGD9PPRIUNIWvZhPTPpl1rf/OxTYKsqKUDjBwYylTvV7SjSHJb9ratfyzM6wCdLCOYLzs73qpg5c4iGA==",
      "requires": {
        "follow-redirects": "^1.10.0"
      }
    },
    "axo": {
      "version": "0.0.2",
      "resolved": "https://registry.npmjs.org/axo/-/axo-0.0.2.tgz",
      "integrity": "sha1-STVfu+qzhEm8ppahqsxGml7p/Uc="
    },
    "eventemitter3": {
      "version": "4.0.7",
      "resolved": "https://registry.npmjs.org/eventemitter3/-/eventemitter3-4.0.7.tgz",
      "integrity": "sha512-8guHBZCwKnFhYdHr2ysuRWErTwhoN2X8XELRlrRwpmfeY2jjuUN4taQMsULKUVo1K4DvZl+0pgfyoysHxvmvEw=="
    },
    "extendible": {
      "version": "0.1.1",
      "resolved": "https://registry.npmjs.org/extendible/-/extendible-0.1.1.tgz",
      "integrity": "sha1-4qN+2HEp+0+VM+io11BiMKU5yQU="
    },
    "failure": {
      "version": "1.1.1",
      "resolved": "https://registry.npmjs.org/failure/-/failure-1.1.1.tgz",
      "integrity": "sha1-qOg9OxYC0kaL/2rU2QceAQO4Goc="
    },
    "follow-redirects": {
      "version": "1.13.1",
      "resolved": "https://registry.npmjs.org/follow-redirects/-/follow-redirects-1.13.1.tgz",
      "integrity": "sha512-SSG5xmZh1mkPGyKzjZP8zLjltIfpW32Y5QpdNJyjcfGxK3qo3NDDkZOZSFiGn1A6SclQxY9GzEwAHQ3dmYRWpg=="
    },
    "fs": {
      "version": "0.0.1-security",
      "resolved": "https://registry.npmjs.org/fs/-/fs-0.0.1-security.tgz",
      "integrity": "sha1-invTcYa23d84E/I4WLV+yq9eQdQ="
    },
    "hang": {
      "version": "1.0.0",
      "resolved": "https://registry.npmjs.org/hang/-/hang-1.0.0.tgz",
      "integrity": "sha1-ZwUIeYRENeAq4ECcT0VTxkOOHXE="
    },
    "http-link-header": {
      "version": "1.0.3",
      "resolved": "https://registry.npmjs.org/http-link-header/-/http-link-header-1.0.3.tgz",
      "integrity": "sha512-nARK1wSKoBBrtcoESlHBx36c1Ln/gnbNQi1eB6MeTUefJIT3NvUOsV15bClga0k38f0q/kN5xxrGSDS3EFnm9w=="
    },
    "is-wsl": {
      "version": "1.1.0",
      "resolved": "https://registry.npmjs.org/is-wsl/-/is-wsl-1.1.0.tgz",
      "integrity": "sha1-HxbkqiKwTRM2tmGIpmrzxgDDpm0="
    },
    "json": {
      "version": "10.0.0",
      "resolved": "https://registry.npmjs.org/json/-/json-10.0.0.tgz",
      "integrity": "sha512-iK7tAZtpoghibjdB1ncCWykeBMmke3JThUe+rnkD4qkZaglOIQ70Pw7r5UJ4lyUT+7gnw7ehmmLUHDuhqzQD+g=="
    },
    "loads": {
      "version": "0.0.4",
      "resolved": "https://registry.npmjs.org/loads/-/loads-0.0.4.tgz",
      "integrity": "sha1-l/MBY5fnDd/0gLgexjjO6iKgqZw=",
      "requires": {
        "failure": "1.1.x",
        "one-time": "0.0.x",
        "xhr-response": "1.0.x",
        "xhr-status": "1.0.x"
      }
    },
    "lodash": {
      "version": "4.17.20",
      "resolved": "https://registry.npmjs.org/lodash/-/lodash-4.17.20.tgz",
      "integrity": "sha512-PlhdFcillOINfeV7Ni6oF1TAEayyZBoZ8bcshTHqOYJYlrqzRK5hagpagky5o4HfCzzd1TRkXPMFq6cKk9rGmA=="
    },
    "node-http-xhr": {
      "version": "1.3.4",
      "resolved": "https://registry.npmjs.org/node-http-xhr/-/node-http-xhr-1.3.4.tgz",
      "integrity": "sha512-0bA08/2RKWxw6pMkOVd3KP+0F5+ifQLMMTDxrCgxlgkoU1N8DhCbCSAYEqpgaVYM2smvbVVewiXjW+8AyoLfxQ=="
    },
    "one-time": {
      "version": "0.0.4",
      "resolved": "https://registry.npmjs.org/one-time/-/one-time-0.0.4.tgz",
      "integrity": "sha1-+M33eISCb+Tf+T46nMN7HkSAdC4="
    },
    "opn": {
      "version": "6.0.0",
      "resolved": "https://registry.npmjs.org/opn/-/opn-6.0.0.tgz",
      "integrity": "sha512-I9PKfIZC+e4RXZ/qr1RhgyCnGgYX0UEIlXgWnCOVACIvFgaC9rz6Won7xbdhoHrd8IIhV7YEpHjreNUNkqCGkQ==",
      "requires": {
        "is-wsl": "^1.1.0"
      }
    },
    "os": {
      "version": "0.1.1",
      "resolved": "https://registry.npmjs.org/os/-/os-0.1.1.tgz",
      "integrity": "sha1-IIhF6J4ZOtTZcUdLk5R3NqVtE/M="
    },
    "pathlib": {
      "version": "0.1.2",
      "resolved": "https://registry.npmjs.org/pathlib/-/pathlib-0.1.2.tgz",
      "integrity": "sha1-wDuEASfuBjF2xnRWbbR4J4iJEW8="
    },
    "pprint": {
      "version": "0.0.1",
      "resolved": "https://registry.npmjs.org/pprint/-/pprint-0.0.1.tgz",
      "integrity": "sha1-ZfjiQlbmcU9E3w5oheVoj6ijMEg="
    },
    "psl": {
      "version": "1.8.0",
      "resolved": "https://registry.npmjs.org/psl/-/psl-1.8.0.tgz",
      "integrity": "sha512-RIdOzyoavK+hA18OGGWDqUTsCLhtA7IcZ/6NCs4fFJaHBDab+pDDmDIByWFRQJq2Cd7r1OoQxBGKOaztq+hjIQ=="
    },
    "punycode": {
      "version": "2.1.1",
      "resolved": "https://registry.npmjs.org/punycode/-/punycode-2.1.1.tgz",
      "integrity": "sha512-XRsRjdf+j5ml+y/6GKHPZbrF/8p2Yga0JPtdqTIY2Xe5ohJPD9saDJJLPvp9+NSBprVvevdXZybnj2cv8OEd0A=="
    },
    "re": {
      "version": "0.1.4",
      "resolved": "https://registry.npmjs.org/re/-/re-0.1.4.tgz",
      "integrity": "sha1-2CEGfuELUgEUkboa2TQhUPnOcDE="
    },
    "request-promise-core": {
      "version": "1.1.4",
      "resolved": "https://registry.npmjs.org/request-promise-core/-/request-promise-core-1.1.4.tgz",
      "integrity": "sha512-TTbAfBBRdWD7aNNOoVOBH4pN/KigV6LyapYNNlAPA8JwbovRti1E88m3sYAwsLi5ryhPKsE9APwnjFTgdUjTpw==",
      "requires": {
        "lodash": "^4.17.19"
      }
    },
    "request-promise-native": {
      "version": "1.0.9",
      "resolved": "https://registry.npmjs.org/request-promise-native/-/request-promise-native-1.0.9.tgz",
      "integrity": "sha512-wcW+sIUiWnKgNY0dqCpOZkUbF/I+YPi+f09JZIDa39Ec+q82CpSYniDp+ISgTTbKmnpJWASeJBPZmoxH84wt3g==",
      "requires": {
        "request-promise-core": "1.1.4",
        "stealthy-require": "^1.1.1",
        "tough-cookie": "^2.3.3"
      }
    },
    "requests": {
      "version": "0.3.0",
      "resolved": "https://registry.npmjs.org/requests/-/requests-0.3.0.tgz",
      "integrity": "sha512-1B6nkiHjC1O1cSgFhEwkc+xd8vuj04h7xSmCg5yI8nmhCIKbPkX47od8erQ2pokBt5qxUO7dwP4jplXD6k6ISA==",
      "requires": {
        "axo": "0.0.x",
        "eventemitter3": "~4.0.0",
        "extendible": "0.1.x",
        "hang": "1.0.x",
        "loads": "0.0.x",
        "node-http-xhr": "~1.3.0",
        "xhr-send": "1.0.x"
      }
    },
    "stealthy-require": {
      "version": "1.1.1",
      "resolved": "https://registry.npmjs.org/stealthy-require/-/stealthy-require-1.1.1.tgz",
      "integrity": "sha1-NbCYdbT/SfJqd35QmzCQoyJr8ks="
    },
    "sys": {
      "version": "0.0.1",
      "resolved": "https://registry.npmjs.org/sys/-/sys-0.0.1.tgz",
      "integrity": "sha1-NIDMaVcUkFt6vOUKVaWjmFmX5hk="
    },
    "tough-cookie": {
      "version": "2.5.0",
      "resolved": "https://registry.npmjs.org/tough-cookie/-/tough-cookie-2.5.0.tgz",
      "integrity": "sha512-nlLsUzgm1kfLXSXfRZMc1KLAugd4hqJHDTvc2hDIwS3mZAfMEuMbc03SujMF+GEcpaX/qboeycw6iO8JwVv2+g==",
      "requires": {
        "psl": "^1.1.28",
        "punycode": "^2.1.1"
      }
    },
    "xhr-response": {
      "version": "1.0.1",
      "resolved": "https://registry.npmjs.org/xhr-response/-/xhr-response-1.0.1.tgz",
      "integrity": "sha1-r/46CFRLpyGG5NxSzQImZx2Gc/4="
    },
    "xhr-send": {
      "version": "1.0.0",
      "resolved": "https://registry.npmjs.org/xhr-send/-/xhr-send-1.0.0.tgz",
      "integrity": "sha1-GkDHPl2yAo7gj+kPXD1tx/eWqFQ="
    },
    "xhr-status": {
      "version": "1.0.1",
      "resolved": "https://registry.npmjs.org/xhr-status/-/xhr-status-1.0.1.tgz",
      "integrity": "sha512-VF0WSqtmkf56OmF26LCWsWvRb1a+WYGdHDoQnPPCVUQTM8CVUAOBcUDsm7nP7SQcgEEdrvF4DmhEADuXdGieyw=="
    },
    "zenodo-lib": {
      "version": "1.0.1",
      "resolved": "https://registry.npmjs.org/zenodo-lib/-/zenodo-lib-1.0.1.tgz",
      "integrity": "sha512-VjFmxJVNA5uT1+FKiS7nhxYHOoWovBA19S4GlqCTrWt3GWoBoBnn7eQwuM/bNDg/4hqlGbM9qxla9gVUcF1Z6w==",
      "requires": {
        "@iarna/toml": "^2.2.5",
        "argparse": "^2.0.1",
        "axios": "^0.21.1",
        "http-link-header": "^1.0.3",
        "json": "^10.0.0",
        "opn": "^6.0.0",
        "os": "^0.1.1",
        "pathlib": "^0.1.2",
        "pprint": "0.0.1",
        "re": "^0.1.4",
        "request-promise-native": "^1.0.9",
        "requests": "^0.3.0",
        "sys": "0.0.1"
      }
    }
  }
}
